// !$*UTF8*$!
{
	archiveVersion = 1;
	classes = {
	};
	objectVersion = 46;
	objects = {

/* Begin PBXBuildFile section */
		F415EE561B896C47005BFC65 /* AppDelegate.swift in Sources */ = {isa = PBXBuildFile; fileRef = F415EE551B896C47005BFC65 /* AppDelegate.swift */; };
		F415EE581B896C47005BFC65 /* ScannerView.swift in Sources */ = {isa = PBXBuildFile; fileRef = F415EE571B896C47005BFC65 /* ScannerView.swift */; };
		F415EE5B1B896C47005BFC65 /* Main.storyboard in Resources */ = {isa = PBXBuildFile; fileRef = F415EE591B896C47005BFC65 /* Main.storyboard */; };
		F415EE5D1B896C47005BFC65 /* Assets.xcassets in Resources */ = {isa = PBXBuildFile; fileRef = F415EE5C1B896C47005BFC65 /* Assets.xcassets */; };
		F415EE601B896C47005BFC65 /* LaunchScreen.storyboard in Resources */ = {isa = PBXBuildFile; fileRef = F415EE5E1B896C47005BFC65 /* LaunchScreen.storyboard */; };
		F4C7CB131B8A1D7F003353A1 /* Utility.swift in Sources */ = {isa = PBXBuildFile; fileRef = F4C7CB121B8A1D7F003353A1 /* Utility.swift */; };
/* End PBXBuildFile section */

/* Begin PBXFileReference section */
		F415EE521B896C46005BFC65 /* Image Scanner.app */ = {isa = PBXFileReference; explicitFileType = wrapper.application; includeInIndex = 0; path = "Image Scanner.app"; sourceTree = BUILT_PRODUCTS_DIR; };
		F415EE551B896C47005BFC65 /* AppDelegate.swift */ = {isa = PBXFileReference; lastKnownFileType = sourcecode.swift; path = AppDelegate.swift; sourceTree = "<group>"; };
		F415EE571B896C47005BFC65 /* ScannerView.swift */ = {isa = PBXFileReference; lastKnownFileType = sourcecode.swift; path = ScannerView.swift; sourceTree = "<group>"; };
		F415EE5A1B896C47005BFC65 /* Base */ = {isa = PBXFileReference; lastKnownFileType = file.storyboard; name = Base; path = Base.lproj/Main.storyboard; sourceTree = "<group>"; };
		F415EE5C1B896C47005BFC65 /* Assets.xcassets */ = {isa = PBXFileReference; lastKnownFileType = folder.assetcatalog; path = Assets.xcassets; sourceTree = "<group>"; };
		F415EE5F1B896C47005BFC65 /* Base */ = {isa = PBXFileReference; lastKnownFileType = file.storyboard; name = Base; path = Base.lproj/LaunchScreen.storyboard; sourceTree = "<group>"; };
		F415EE611B896C47005BFC65 /* Info.plist */ = {isa = PBXFileReference; lastKnownFileType = text.plist.xml; path = Info.plist; sourceTree = "<group>"; };
		F4C7CB121B8A1D7F003353A1 /* Utility.swift */ = {isa = PBXFileReference; fileEncoding = 4; lastKnownFileType = sourcecode.swift; path = Utility.swift; sourceTree = "<group>"; };
/* End PBXFileReference section */

/* Begin PBXFrameworksBuildPhase section */
		F415EE4F1B896C46005BFC65 /* Frameworks */ = {
			isa = PBXFrameworksBuildPhase;
			buildActionMask = 2147483647;
			files = (
			);
			runOnlyForDeploymentPostprocessing = 0;
		};
/* End PBXFrameworksBuildPhase section */

/* Begin PBXGroup section */
		F415EE491B896C46005BFC65 = {
			isa = PBXGroup;
			children = (
				F415EE541B896C47005BFC65 /* Image Scanner */,
				F415EE531B896C46005BFC65 /* Products */,
			);
			sourceTree = "<group>";
		};
		F415EE531B896C46005BFC65 /* Products */ = {
			isa = PBXGroup;
			children = (
				F415EE521B896C46005BFC65 /* Image Scanner.app */,
			);
			name = Products;
			sourceTree = "<group>";
		};
		F415EE541B896C47005BFC65 /* Image Scanner */ = {
			isa = PBXGroup;
			children = (
				F415EE551B896C47005BFC65 /* AppDelegate.swift */,
				F415EE571B896C47005BFC65 /* ScannerView.swift */,
				F415EE591B896C47005BFC65 /* Main.storyboard */,
				F415EE5C1B896C47005BFC65 /* Assets.xcassets */,
				F415EE5E1B896C47005BFC65 /* LaunchScreen.storyboard */,
				F415EE611B896C47005BFC65 /* Info.plist */,
				F4C7CB121B8A1D7F003353A1 /* Utility.swift */,
			);
			path = "Image Scanner";
			sourceTree = "<group>";
		};
/* End PBXGroup section */

/* Begin PBXNativeTarget section */
		F415EE511B896C46005BFC65 /* Image Scanner */ = {
			isa = PBXNativeTarget;
			buildConfigurationList = F415EE641B896C47005BFC65 /* Build configuration list for PBXNativeTarget "Image Scanner" */;
			buildPhases = (
				F415EE4E1B896C46005BFC65 /* Sources */,
				F415EE4F1B896C46005BFC65 /* Frameworks */,
				F415EE501B896C46005BFC65 /* Resources */,
			);
			buildRules = (
			);
			dependencies = (
			);
			name = "Image Scanner";
			productName = "Image Scanner";
			productReference = F415EE521B896C46005BFC65 /* Image Scanner.app */;
			productType = "com.apple.product-type.application";
		};
/* End PBXNativeTarget section */

/* Begin PBXProject section */
		F415EE4A1B896C46005BFC65 /* Project object */ = {
			isa = PBXProject;
			attributes = {
				LastUpgradeCheck = 0700;
				ORGANIZATIONNAME = "Brick Reyes Zambrano";
				TargetAttributes = {
					F415EE511B896C46005BFC65 = {
						CreatedOnToolsVersion = 7.0;
					};
				};
			};
			buildConfigurationList = F415EE4D1B896C46005BFC65 /* Build configuration list for PBXProject "Image Scanner" */;
			compatibilityVersion = "Xcode 3.2";
			developmentRegion = English;
			hasScannedForEncodings = 0;
			knownRegions = (
				en,
				Base,
			);
			mainGroup = F415EE491B896C46005BFC65;
			productRefGroup = F415EE531B896C46005BFC65 /* Products */;
			projectDirPath = "";
			projectRoot = "";
			targets = (
				F415EE511B896C46005BFC65 /* Image Scanner */,
			);
		};
/* End PBXProject section */

/* Begin PBXResourcesBuildPhase section */
		F415EE501B896C46005BFC65 /* Resources */ = {
			isa = PBXResourcesBuildPhase;
			buildActionMask = 2147483647;
			files = (
				F415EE601B896C47005BFC65 /* LaunchScreen.storyboard in Resources */,
				F415EE5D1B896C47005BFC65 /* Assets.xcassets in Resources */,
				F415EE5B1B896C47005BFC65 /* Main.storyboard in Resources */,
			);
			runOnlyForDeploymentPostprocessing = 0;
		};
/* End PBXResourcesBuildPhase section */

/* Begin PBXSourcesBuildPhase section */
		F415EE4E1B896C46005BFC65 /* Sources */ = {
			isa = PBXSourcesBuildPhase;
			buildActionMask = 2147483647;
			files = (
				F415EE581B896C47005BFC65 /* ScannerView.swift in Sources */,
				F415EE561B896C47005BFC65 /* AppDelegate.swift in Sources */,
				F4C7CB131B8A1D7F003353A1 /* Utility.swift in Sources */,
			);
			runOnlyForDeploymentPostprocessing = 0;
		};
/* End PBXSourcesBuildPhase section */

/* Begin PBXVariantGroup section */
		F415EE591B896C47005BFC65 /* Main.storyboard */ = {
			isa = PBXVariantGroup;
			children = (
				F415EE5A1B896C47005BFC65 /* Base */,
			);
			name = Main.storyboard;
			sourceTree = "<group>";
		};
		F415EE5E1B896C47005BFC65 /* LaunchScreen.storyboard */ = {
			isa = PBXVariantGroup;
			children = (
				F415EE5F1B896C47005BFC65 /* Base */,
			);
			name = LaunchScreen.storyboard;
			sourceTree = "<group>";
		};
/* End PBXVariantGroup section */

/* Begin XCBuildConfiguration section */
		F415EE621B896C47005BFC65 /* Debug */ = {
			isa = XCBuildConfiguration;
			buildSettings = {
				ALWAYS_SEARCH_USER_PATHS = NO;
				CLANG_CXX_LANGUAGE_STANDARD = "gnu++0x";
				CLANG_CXX_LIBRARY = "libc++";
				CLANG_ENABLE_MODULES = YES;
				CLANG_ENABLE_OBJC_ARC = YES;
				CLANG_WARN_BOOL_CONVERSION = YES;
				CLANG_WARN_CONSTANT_CONVERSION = YES;
				CLANG_WARN_DIRECT_OBJC_ISA_USAGE = YES_ERROR;
				CLANG_WARN_EMPTY_BODY = YES;
				CLANG_WARN_ENUM_CONVERSION = YES;
				CLANG_WARN_INT_CONVERSION = YES;
				CLANG_WARN_OBJC_ROOT_CLASS = YES_ERROR;
				CLANG_WARN_UNREACHABLE_CODE = YES;
				CLANG_WARN__DUPLICATE_METHOD_MATCH = YES;
				"CODE_SIGN_IDENTITY[sdk=iphoneos*]" = "iPhone Developer";
				COPY_PHASE_STRIP = NO;
				DEBUG_INFORMATION_FORMAT = dwarf;
				ENABLE_STRICT_OBJC_MSGSEND = YES;
				ENABLE_TESTABILITY = YES;
				GCC_C_LANGUAGE_STANDARD = gnu99;
				GCC_DYNAMIC_NO_PIC = NO;
				GCC_NO_COMMON_BLOCKS = YES;
				GCC_OPTIMIZATION_LEVEL = 0;
				GCC_PREPROCESSOR_DEFINITIONS = (
					"DEBUG=1",
					"$(inherited)",
				);
				GCC_WARN_64_TO_32_BIT_CONVERSION = YES;
				GCC_WARN_ABOUT_RETURN_TYPE = YES_ERROR;
				GCC_WARN_UNDECLARED_SELECTOR = YES;
				GCC_WARN_UNINITIALIZED_AUTOS = YES_AGGRESSIVE;
				GCC_WARN_UNUSED_FUNCTION = YES;
				GCC_WARN_UNUSED_VARIABLE = YES;
				IPHONEOS_DEPLOYMENT_TARGET = 9.0;
				MTL_ENABLE_DEBUG_INFO = YES;
				ONLY_ACTIVE_ARCH = YES;
				SDKROOT = iphoneos;
				SWIFT_OPTIMIZATION_LEVEL = "-Onone";
			};
			name = Debug;
		};
		F415EE631B896C47005BFC65 /* Release */ = {
			isa = XCBuildConfiguration;
			buildSettings = {
				ALWAYS_SEARCH_USER_PATHS = NO;
				CLANG_CXX_LANGUAGE_STANDARD = "gnu++0x";
				CLANG_CXX_LIBRARY = "libc++";
				CLANG_ENABLE_MODULES = YES;
				CLANG_ENABLE_OBJC_ARC = YES;
				CLANG_WARN_BOOL_CONVERSION = YES;
				CLANG_WARN_CONSTANT_CONVERSION = YES;
				CLANG_WARN_DIRECT_OBJC_ISA_USAGE = YES_ERROR;
				CLANG_WARN_EMPTY_BODY = YES;
				CLANG_WARN_ENUM_CONVERSION = YES;
				CLANG_WARN_INT_CONVERSION = YES;
				CLANG_WARN_OBJC_ROOT_CLASS = YES_ERROR;
				CLANG_WARN_UNREACHABLE_CODE = YES;
				CLANG_WARN__DUPLICATE_METHOD_MATCH = YES;
				"CODE_SIGN_IDENTITY[sdk=iphoneos*]" = "iPhone Developer";
				COPY_PHASE_STRIP = NO;
				DEBUG_INFORMATION_FORMAT = "dwarf-with-dsym";
				ENABLE_NS_ASSERTIONS = NO;
				ENABLE_STRICT_OBJC_MSGSEND = YES;
				GCC_C_LANGUAGE_STANDARD = gnu99;
				GCC_NO_COMMON_BLOCKS = YES;
				GCC_WARN_64_TO_32_BIT_CONVERSION = YES;
				GCC_WARN_ABOUT_RETURN_TYPE = YES_ERROR;
				GCC_WARN_UNDECLARED_SELECTOR = YES;
				GCC_WARN_UNINITIALIZED_AUTOS = YES_AGGRESSIVE;
				GCC_WARN_UNUSED_FUNCTION = YES;
				GCC_WARN_UNUSED_VARIABLE = YES;
				IPHONEOS_DEPLOYMENT_TARGET = 9.0;
				MTL_ENABLE_DEBUG_INFO = NO;
				SDKROOT = iphoneos;
				VALIDATE_PRODUCT = YES;
			};
			name = Release;
		};
		F415EE651B896C47005BFC65 /* Debug */ = {
			isa = XCBuildConfiguration;
			buildSettings = {
				ASSETCATALOG_COMPILER_APPICON_NAME = AppIcon;
				INFOPLIST_FILE = "Image Scanner/Info.plist";
				LD_RUNPATH_SEARCH_PATHS = "$(inherited) @executable_path/Frameworks";
				PRODUCT_BUNDLE_IDENTIFIER = "BrickReyes.Image-Scanner";
				PRODUCT_NAME = "$(TARGET_NAME)";
			};
			name = Debug;
		};
		F415EE661B896C47005BFC65 /* Release */ = {
			isa = XCBuildConfiguration;
			buildSettings = {
				ASSETCATALOG_COMPILER_APPICON_NAME = AppIcon;
				INFOPLIST_FILE = "Image Scanner/Info.plist";
				LD_RUNPATH_SEARCH_PATHS = "$(inherited) @executable_path/Frameworks";
				PRODUCT_BUNDLE_IDENTIFIER = "BrickReyes.Image-Scanner";
				PRODUCT_NAME = "$(TARGET_NAME)";
			};
			name = Release;
		};
/* End XCBuildConfiguration section */

/* Begin XCConfigurationList section */
		F415EE4D1B896C46005BFC65 /* Build configuration list for PBXProject "Image Scanner" */ = {
			isa = XCConfigurationList;
			buildConfigurations = (
				F415EE621B896C47005BFC65 /* Debug */,
				F415EE631B896C47005BFC65 /* Release */,
			);
			defaultConfigurationIsVisible = 0;
			defaultConfigurationName = Release;
		};
		F415EE641B896C47005BFC65 /* Build configuration list for PBXNativeTarget "Image Scanner" */ = {
			isa = XCConfigurationList;
			buildConfigurations = (
				F415EE651B896C47005BFC65 /* Debug */,
				F415EE661B896C47005BFC65 /* Release */,
			);
			defaultConfigurationIsVisible = 0;
			defaultConfigurationName = Release;
		};
/* End XCConfigurationList section */
	};
	rootObject = F415EE4A1B896C46005BFC65 /* Project object */;
}
